
Microsoft Visual Studio Solution File, Format Version 12.00
# Visual Studio Version 17
VisualStudioVersion = 17.11.35312.102
MinimumVisualStudioVersion = 10.0.40219.1
Project("{9A19103F-16F7-4668-BE54-9A1E7A4F7556}") = "Brewery", "Brewery\Brewery.csproj", "{2655E045-924E-4094-96CA-FF451055328A}"
EndProject
Project("{9A19103F-16F7-4668-BE54-9A1E7A4F7556}") = "DataLayer", "DataLayer\DataLayer.csproj", "{1C2F215A-0E92-442A-882F-879DC43B5471}"
EndProject
Project("{9A19103F-16F7-4668-BE54-9A1E7A4F7556}") = "Domain", "Domain\Domain.csproj", "{DD8AC01E-FFE4-4B67-BF7B-A83E7A5DBCF5}"
EndProject
Project("{FAE04EC0-301F-11D3-BF4B-00C04F79EFBC}") = "UnitTests", "TestProject\UnitTests.csproj", "{39396365-38B6-40C0-98C3-857A8C7D3E09}"
EndProject
Project("{FAE04EC0-301F-11D3-BF4B-00C04F79EFBC}") = "IntegrationTests", "IntegrationTests\IntegrationTests.csproj", "{E5CAF058-12E2-4B92-AC59-337CF7575EC3}"
EndProject
Global
	GlobalSection(SolutionConfigurationPlatforms) = preSolution
		Debug|Any CPU = Debug|Any CPU
		Release|Any CPU = Release|Any CPU
	EndGlobalSection
	GlobalSection(ProjectConfigurationPlatforms) = postSolution
		{2655E045-924E-4094-96CA-FF451055328A}.Debug|Any CPU.ActiveCfg = Debug|Any CPU
		{2655E045-924E-4094-96CA-FF451055328A}.Debug|Any CPU.Build.0 = Debug|Any CPU
		{2655E045-924E-4094-96CA-FF451055328A}.Release|Any CPU.ActiveCfg = Release|Any CPU
		{2655E045-924E-4094-96CA-FF451055328A}.Release|Any CPU.Build.0 = Release|Any CPU
		{1C2F215A-0E92-442A-882F-879DC43B5471}.Debug|Any CPU.ActiveCfg = Debug|Any CPU
		{1C2F215A-0E92-442A-882F-879DC43B5471}.Debug|Any CPU.Build.0 = Debug|Any CPU
		{1C2F215A-0E92-442A-882F-879DC43B5471}.Release|Any CPU.ActiveCfg = Release|Any CPU
		{1C2F215A-0E92-442A-882F-879DC43B5471}.Release|Any CPU.Build.0 = Release|Any CPU
		{DD8AC01E-FFE4-4B67-BF7B-A83E7A5DBCF5}.Debug|Any CPU.ActiveCfg = Debug|Any CPU
		{DD8AC01E-FFE4-4B67-BF7B-A83E7A5DBCF5}.Debug|Any CPU.Build.0 = Debug|Any CPU
		{DD8AC01E-FFE4-4B67-BF7B-A83E7A5DBCF5}.Release|Any CPU.ActiveCfg = Release|Any CPU
		{DD8AC01E-FFE4-4B67-BF7B-A83E7A5DBCF5}.Release|Any CPU.Build.0 = Release|Any CPU
		{39396365-38B6-40C0-98C3-857A8C7D3E09}.Debug|Any CPU.ActiveCfg = Debug|Any CPU
		{39396365-38B6-40C0-98C3-857A8C7D3E09}.Debug|Any CPU.Build.0 = Debug|Any CPU
		{39396365-38B6-40C0-98C3-857A8C7D3E09}.Release|Any CPU.ActiveCfg = Release|Any CPU
		{39396365-38B6-40C0-98C3-857A8C7D3E09}.Release|Any CPU.Build.0 = Release|Any CPU
		{E5CAF058-12E2-4B92-AC59-337CF7575EC3}.Debug|Any CPU.ActiveCfg = Debug|Any CPU
		{E5CAF058-12E2-4B92-AC59-337CF7575EC3}.Debug|Any CPU.Build.0 = Debug|Any CPU
		{E5CAF058-12E2-4B92-AC59-337CF7575EC3}.Release|Any CPU.ActiveCfg = Release|Any CPU
		{E5CAF058-12E2-4B92-AC59-337CF7575EC3}.Release|Any CPU.Build.0 = Release|Any CPU
	EndGlobalSection
	GlobalSection(SolutionProperties) = preSolution
		HideSolutionNode = FALSE
	EndGlobalSection
	GlobalSection(ExtensibilityGlobals) = postSolution
		SolutionGuid = {C31CF728-5946-446E-B9CC-1D02BBBC0B4D}
	EndGlobalSection
EndGlobal
